
Microsoft Visual Studio Solution File, Format Version 12.00
# Visual Studio Version 17
VisualStudioVersion = 17.2.32630.192
MinimumVisualStudioVersion = 10.0.40219.1
Project("{FAE04EC0-301F-11D3-BF4B-00C04F79EFBC}") = "Hello_cs_code", "Hello_cs_code\Hello_cs_code.csproj", "{4C2E41C9-CAA3-454F-B44F-1BF02824D719}"
EndProject
Global
	GlobalSection(SolutionConfigurationPlatforms) = preSolution
		Debug|Any CPU = Debug|Any CPU
		Release|Any CPU = Release|Any CPU
	EndGlobalSection
	GlobalSection(ProjectConfigurationPlatforms) = postSolution
		{4C2E41C9-CAA3-454F-B44F-1BF02824D719}.Debug|Any CPU.ActiveCfg = Debug|Any CPU
		{4C2E41C9-CAA3-454F-B44F-1BF02824D719}.Debug|Any CPU.Build.0 = Debug|Any CPU
		{4C2E41C9-CAA3-454F-B44F-1BF02824D719}.Release|Any CPU.ActiveCfg = Release|Any CPU
		{4C2E41C9-CAA3-454F-B44F-1BF02824D719}.Release|Any CPU.Build.0 = Release|Any CPU
	EndGlobalSection
	GlobalSection(SolutionProperties) = preSolution
		HideSolutionNode = FALSE
	EndGlobalSection
	GlobalSection(ExtensibilityGlobals) = postSolution
		SolutionGuid = {8184B613-5A6E-4890-8C41-C65D07AAAD10}
	EndGlobalSection
EndGlobal
